
Microsoft Visual Studio Solution File, Format Version 12.00
# Visual Studio Version 17
VisualStudioVersion = 17.14.36408.4
MinimumVisualStudioVersion = 10.0.40219.1
Project("{2150E333-8FDC-42A3-9474-1A3956D46DE8}") = "src", "src", "{02EA681E-C7D8-13C7-8484-4AC65E1B71E8}"
EndProject
Project("{2150E333-8FDC-42A3-9474-1A3956D46DE8}") = "test", "test", "{B39C331D-BCF2-465B-85F6-0C0260E14C73}"
EndProject
Project("{2150E333-8FDC-42A3-9474-1A3956D46DE8}") = "Solution Items", "Solution Items", "{8EC462FD-D22E-90A8-E5CE-7E832BA40C5D}"
	ProjectSection(SolutionItems) = preProject
		.editorconfig = .editorconfig
		Directory.Build.props = Directory.Build.props
		Directory.Packages.props = Directory.Packages.props
		LICENSE = LICENSE
		README.md = README.md
	EndProjectSection
EndProject
Project("{FAE04EC0-301F-11D3-BF4B-00C04F79EFBC}") = "Curiosity.Domain", "src\Curiosity.Domain\Curiosity.Domain\Curiosity.Domain.csproj", "{A58CFEA7-0D24-417C-B21D-77B4875E7EF9}"
EndProject
Project("{FAE04EC0-301F-11D3-BF4B-00C04F79EFBC}") = "Curiosity.Infrastructure", "src\Curiosity.Infrastructure\Curiosity.Infrastructure.csproj", "{30D080C9-EB76-4077-8941-969D286DEC50}"
EndProject
Project("{FAE04EC0-301F-11D3-BF4B-00C04F79EFBC}") = "Curiosity.Application", "src\Curiosity.Application\Curiosity.Application.csproj", "{A412C349-FB08-43F0-B46B-7B8765BDF5FF}"
EndProject
Project("{FAE04EC0-301F-11D3-BF4B-00C04F79EFBC}") = "Curiosity.Api", "src\Curiosity.Api\Curiosity.Api.csproj", "{A91BD330-C5C1-4342-89DE-CC405594EA3B}"
EndProject
Project("{E53339B2-1760-4266-BCC7-CA923CBCF16C}") = "docker-compose", "docker-compose.dcproj", "{81DDED9D-158B-E303-5F62-77A2896D2A5A}"
EndProject
Global
	GlobalSection(SolutionConfigurationPlatforms) = preSolution
		Debug|Any CPU = Debug|Any CPU
		Release|Any CPU = Release|Any CPU
	EndGlobalSection
	GlobalSection(ProjectConfigurationPlatforms) = postSolution
		{A58CFEA7-0D24-417C-B21D-77B4875E7EF9}.Debug|Any CPU.ActiveCfg = Debug|Any CPU
		{A58CFEA7-0D24-417C-B21D-77B4875E7EF9}.Debug|Any CPU.Build.0 = Debug|Any CPU
		{A58CFEA7-0D24-417C-B21D-77B4875E7EF9}.Release|Any CPU.ActiveCfg = Release|Any CPU
		{A58CFEA7-0D24-417C-B21D-77B4875E7EF9}.Release|Any CPU.Build.0 = Release|Any CPU
		{30D080C9-EB76-4077-8941-969D286DEC50}.Debug|Any CPU.ActiveCfg = Debug|Any CPU
		{30D080C9-EB76-4077-8941-969D286DEC50}.Debug|Any CPU.Build.0 = Debug|Any CPU
		{30D080C9-EB76-4077-8941-969D286DEC50}.Release|Any CPU.ActiveCfg = Release|Any CPU
		{30D080C9-EB76-4077-8941-969D286DEC50}.Release|Any CPU.Build.0 = Release|Any CPU
		{A412C349-FB08-43F0-B46B-7B8765BDF5FF}.Debug|Any CPU.ActiveCfg = Debug|Any CPU
		{A412C349-FB08-43F0-B46B-7B8765BDF5FF}.Debug|Any CPU.Build.0 = Debug|Any CPU
		{A412C349-FB08-43F0-B46B-7B8765BDF5FF}.Release|Any CPU.ActiveCfg = Release|Any CPU
		{A412C349-FB08-43F0-B46B-7B8765BDF5FF}.Release|Any CPU.Build.0 = Release|Any CPU
		{A91BD330-C5C1-4342-89DE-CC405594EA3B}.Debug|Any CPU.ActiveCfg = Debug|Any CPU
		{A91BD330-C5C1-4342-89DE-CC405594EA3B}.Debug|Any CPU.Build.0 = Debug|Any CPU
		{A91BD330-C5C1-4342-89DE-CC405594EA3B}.Release|Any CPU.ActiveCfg = Release|Any CPU
		{A91BD330-C5C1-4342-89DE-CC405594EA3B}.Release|Any CPU.Build.0 = Release|Any CPU
		{81DDED9D-158B-E303-5F62-77A2896D2A5A}.Debug|Any CPU.ActiveCfg = Debug|Any CPU
		{81DDED9D-158B-E303-5F62-77A2896D2A5A}.Debug|Any CPU.Build.0 = Debug|Any CPU
		{81DDED9D-158B-E303-5F62-77A2896D2A5A}.Release|Any CPU.ActiveCfg = Release|Any CPU
		{81DDED9D-158B-E303-5F62-77A2896D2A5A}.Release|Any CPU.Build.0 = Release|Any CPU
	EndGlobalSection
	GlobalSection(SolutionProperties) = preSolution
		HideSolutionNode = FALSE
	EndGlobalSection
	GlobalSection(NestedProjects) = preSolution
		{A58CFEA7-0D24-417C-B21D-77B4875E7EF9} = {02EA681E-C7D8-13C7-8484-4AC65E1B71E8}
		{30D080C9-EB76-4077-8941-969D286DEC50} = {02EA681E-C7D8-13C7-8484-4AC65E1B71E8}
		{A412C349-FB08-43F0-B46B-7B8765BDF5FF} = {02EA681E-C7D8-13C7-8484-4AC65E1B71E8}
		{A91BD330-C5C1-4342-89DE-CC405594EA3B} = {02EA681E-C7D8-13C7-8484-4AC65E1B71E8}
	EndGlobalSection
	GlobalSection(ExtensibilityGlobals) = postSolution
		SolutionGuid = {134D6720-9577-4FF5-8689-F3343503D08A}
	EndGlobalSection
EndGlobal
